// !$*UTF8*$!
{
	archiveVersion = 1;
	classes = {
	};
	objectVersion = 56;
	objects = {

/* Begin PBXBuildFile section */
		2B60AB6A2CC0D89A00970FE4 /* SettingScreen.swift in Sources */ = {isa = PBXBuildFile; fileRef = 2B60AB692CC0D89A00970FE4 /* SettingScreen.swift */; };
		2B60AB6C2CC0D8B000970FE4 /* SettingRow.swift in Sources */ = {isa = PBXBuildFile; fileRef = 2B60AB6B2CC0D8B000970FE4 /* SettingRow.swift */; };
		2B60AB6E2CC0D8C100970FE4 /* ProfileScreen.swift in Sources */ = {isa = PBXBuildFile; fileRef = 2B60AB6D2CC0D8C100970FE4 /* ProfileScreen.swift */; };
		2BA220402CBCFEF8007D97B9 /* Gym_WorkoutApp.swift in Sources */ = {isa = PBXBuildFile; fileRef = 2BA2203F2CBCFEF8007D97B9 /* Gym_WorkoutApp.swift */; };
		2BA220442CBCFF00007D97B9 /* Assets.xcassets in Resources */ = {isa = PBXBuildFile; fileRef = 2BA220432CBCFF00007D97B9 /* Assets.xcassets */; };
		2BA220472CBCFF00007D97B9 /* Preview Assets.xcassets in Resources */ = {isa = PBXBuildFile; fileRef = 2BA220462CBCFF00007D97B9 /* Preview Assets.xcassets */; };
		2BA220562CBD06C8007D97B9 /* OnBoardingScreen.swift in Sources */ = {isa = PBXBuildFile; fileRef = 2BA220552CBD06C8007D97B9 /* OnBoardingScreen.swift */; };
		2BA220582CBD077E007D97B9 /* Launch Screen.storyboard in Resources */ = {isa = PBXBuildFile; fileRef = 2BA220572CBD077E007D97B9 /* Launch Screen.storyboard */; };
		2BA2205E2CBD1CD9007D97B9 /* Poppins-Light.ttf in Resources */ = {isa = PBXBuildFile; fileRef = 2BA220592CBD1CD8007D97B9 /* Poppins-Light.ttf */; };
		2BA2205F2CBD1CD9007D97B9 /* Poppins-Regular.ttf in Resources */ = {isa = PBXBuildFile; fileRef = 2BA2205A2CBD1CD8007D97B9 /* Poppins-Regular.ttf */; };
		2BA220602CBD1CD9007D97B9 /* Poppins-Bold.ttf in Resources */ = {isa = PBXBuildFile; fileRef = 2BA2205B2CBD1CD8007D97B9 /* Poppins-Bold.ttf */; };
		2BA220612CBD1CD9007D97B9 /* Poppins-Medium.ttf in Resources */ = {isa = PBXBuildFile; fileRef = 2BA2205C2CBD1CD9007D97B9 /* Poppins-Medium.ttf */; };
		2BA220622CBD1CD9007D97B9 /* Poppins-SemiBold.ttf in Resources */ = {isa = PBXBuildFile; fileRef = 2BA2205D2CBD1CD9007D97B9 /* Poppins-SemiBold.ttf */; };
		2BA220652CBD2618007D97B9 /* UIExtensions.swift in Sources */ = {isa = PBXBuildFile; fileRef = 2BA220642CBD2618007D97B9 /* UIExtensions.swift */; };
		2BA302132CBF800100475F03 /* SignUpScreen.swift in Sources */ = {isa = PBXBuildFile; fileRef = 2BA302122CBF800100475F03 /* SignUpScreen.swift */; };
		2BA302152CBF88DB00475F03 /* MobileNumberScreen.swift in Sources */ = {isa = PBXBuildFile; fileRef = 2BA302142CBF88DB00475F03 /* MobileNumberScreen.swift */; };
		2BED6D472CBF93E6005A589D /* OTPScreen.swift in Sources */ = {isa = PBXBuildFile; fileRef = 2BED6D462CBF93E6005A589D /* OTPScreen.swift */; };
		2BED6D492CBF9D9D005A589D /* NameScreen.swift in Sources */ = {isa = PBXBuildFile; fileRef = 2BED6D482CBF9D9D005A589D /* NameScreen.swift */; };
		2BED6D4B2CBFA100005A589D /* GoalScreen.swift in Sources */ = {isa = PBXBuildFile; fileRef = 2BED6D4A2CBFA100005A589D /* GoalScreen.swift */; };
/* End PBXBuildFile section */

/* Begin PBXFileReference section */
		2B60AB692CC0D89A00970FE4 /* SettingScreen.swift */ = {isa = PBXFileReference; lastKnownFileType = sourcecode.swift; path = SettingScreen.swift; sourceTree = "<group>"; };
		2B60AB6B2CC0D8B000970FE4 /* SettingRow.swift */ = {isa = PBXFileReference; lastKnownFileType = sourcecode.swift; path = SettingRow.swift; sourceTree = "<group>"; };
		2B60AB6D2CC0D8C100970FE4 /* ProfileScreen.swift */ = {isa = PBXFileReference; lastKnownFileType = sourcecode.swift; path = ProfileScreen.swift; sourceTree = "<group>"; };
		2BA2203C2CBCFEF8007D97B9 /* Gym Workout.app */ = {isa = PBXFileReference; explicitFileType = wrapper.application; includeInIndex = 0; path = "Gym Workout.app"; sourceTree = BUILT_PRODUCTS_DIR; };
		2BA2203F2CBCFEF8007D97B9 /* Gym_WorkoutApp.swift */ = {isa = PBXFileReference; lastKnownFileType = sourcecode.swift; path = Gym_WorkoutApp.swift; sourceTree = "<group>"; };
		2BA220432CBCFF00007D97B9 /* Assets.xcassets */ = {isa = PBXFileReference; lastKnownFileType = folder.assetcatalog; path = Assets.xcassets; sourceTree = "<group>"; };
		2BA220462CBCFF00007D97B9 /* Preview Assets.xcassets */ = {isa = PBXFileReference; lastKnownFileType = folder.assetcatalog; path = "Preview Assets.xcassets"; sourceTree = "<group>"; };
		2BA220552CBD06C8007D97B9 /* OnBoardingScreen.swift */ = {isa = PBXFileReference; lastKnownFileType = sourcecode.swift; path = OnBoardingScreen.swift; sourceTree = "<group>"; };
		2BA220572CBD077E007D97B9 /* Launch Screen.storyboard */ = {isa = PBXFileReference; lastKnownFileType = file.storyboard; path = "Launch Screen.storyboard"; sourceTree = "<group>"; };
		2BA220592CBD1CD8007D97B9 /* Poppins-Light.ttf */ = {isa = PBXFileReference; lastKnownFileType = file; path = "Poppins-Light.ttf"; sourceTree = "<group>"; };
		2BA2205A2CBD1CD8007D97B9 /* Poppins-Regular.ttf */ = {isa = PBXFileReference; lastKnownFileType = file; path = "Poppins-Regular.ttf"; sourceTree = "<group>"; };
		2BA2205B2CBD1CD8007D97B9 /* Poppins-Bold.ttf */ = {isa = PBXFileReference; lastKnownFileType = file; path = "Poppins-Bold.ttf"; sourceTree = "<group>"; };
		2BA2205C2CBD1CD9007D97B9 /* Poppins-Medium.ttf */ = {isa = PBXFileReference; lastKnownFileType = file; path = "Poppins-Medium.ttf"; sourceTree = "<group>"; };
		2BA2205D2CBD1CD9007D97B9 /* Poppins-SemiBold.ttf */ = {isa = PBXFileReference; lastKnownFileType = file; path = "Poppins-SemiBold.ttf"; sourceTree = "<group>"; };
		2BA220632CBD24AE007D97B9 /* Gym-Workout-Info.plist */ = {isa = PBXFileReference; lastKnownFileType = text.plist; path = "Gym-Workout-Info.plist"; sourceTree = SOURCE_ROOT; };
		2BA220642CBD2618007D97B9 /* UIExtensions.swift */ = {isa = PBXFileReference; lastKnownFileType = sourcecode.swift; path = UIExtensions.swift; sourceTree = "<group>"; };
		2BA302122CBF800100475F03 /* SignUpScreen.swift */ = {isa = PBXFileReference; lastKnownFileType = sourcecode.swift; path = SignUpScreen.swift; sourceTree = "<group>"; };
		2BA302142CBF88DB00475F03 /* MobileNumberScreen.swift */ = {isa = PBXFileReference; lastKnownFileType = sourcecode.swift; path = MobileNumberScreen.swift; sourceTree = "<group>"; };
		2BED6D462CBF93E6005A589D /* OTPScreen.swift */ = {isa = PBXFileReference; lastKnownFileType = sourcecode.swift; path = OTPScreen.swift; sourceTree = "<group>"; };
		2BED6D482CBF9D9D005A589D /* NameScreen.swift */ = {isa = PBXFileReference; lastKnownFileType = sourcecode.swift; path = NameScreen.swift; sourceTree = "<group>"; };
		2BED6D4A2CBFA100005A589D /* GoalScreen.swift */ = {isa = PBXFileReference; lastKnownFileType = sourcecode.swift; path = GoalScreen.swift; sourceTree = "<group>"; };
/* End PBXFileReference section */

/* Begin PBXFrameworksBuildPhase section */
		2BA220392CBCFEF8007D97B9 /* Frameworks */ = {
			isa = PBXFrameworksBuildPhase;
			buildActionMask = 2147483647;
			files = (
			);
			runOnlyForDeploymentPostprocessing = 0;
		};
/* End PBXFrameworksBuildPhase section */

/* Begin PBXGroup section */
		2B60AB662CC0CFBC00970FE4 /* Setting */ = {
			isa = PBXGroup;
			children = (
				2B60AB692CC0D89A00970FE4 /* SettingScreen.swift */,
				2B60AB6B2CC0D8B000970FE4 /* SettingRow.swift */,
				2B60AB6D2CC0D8C100970FE4 /* ProfileScreen.swift */,
			);
			path = Setting;
			sourceTree = "<group>";
		};
		2BA220332CBCFEF8007D97B9 = {
			isa = PBXGroup;
			children = (
				2BA2203E2CBCFEF8007D97B9 /* Gym Workout */,
				2BA2203D2CBCFEF8007D97B9 /* Products */,
			);
			sourceTree = "<group>";
		};
		2BA2203D2CBCFEF8007D97B9 /* Products */ = {
			isa = PBXGroup;
			children = (
				2BA2203C2CBCFEF8007D97B9 /* Gym Workout.app */,
			);
			name = Products;
			sourceTree = "<group>";
		};
		2BA2203E2CBCFEF8007D97B9 /* Gym Workout */ = {
			isa = PBXGroup;
			children = (
				2BA220632CBD24AE007D97B9 /* Gym-Workout-Info.plist */,
				2BA220522CBD0667007D97B9 /* Screen */,
				2BA220512CBD0641007D97B9 /* Model */,
				2BA220502CBD0633007D97B9 /* ViewModel */,
				2BA2204F2CBD0619007D97B9 /* UICommon */,
				2BA2204E2CBD0610007D97B9 /* Common */,
				2BA2204D2CBD05F9007D97B9 /* Fonts */,
				2BA2203F2CBCFEF8007D97B9 /* Gym_WorkoutApp.swift */,
				2BA220432CBCFF00007D97B9 /* Assets.xcassets */,
				2BA220452CBCFF00007D97B9 /* Preview Content */,
				2BA220572CBD077E007D97B9 /* Launch Screen.storyboard */,
			);
			path = "Gym Workout";
			sourceTree = "<group>";
		};
		2BA220452CBCFF00007D97B9 /* Preview Content */ = {
			isa = PBXGroup;
			children = (
				2BA220462CBCFF00007D97B9 /* Preview Assets.xcassets */,
			);
			path = "Preview Content";
			sourceTree = "<group>";
		};
		2BA2204D2CBD05F9007D97B9 /* Fonts */ = {
			isa = PBXGroup;
			children = (
				2BA2205B2CBD1CD8007D97B9 /* Poppins-Bold.ttf */,
				2BA220592CBD1CD8007D97B9 /* Poppins-Light.ttf */,
				2BA2205C2CBD1CD9007D97B9 /* Poppins-Medium.ttf */,
				2BA2205A2CBD1CD8007D97B9 /* Poppins-Regular.ttf */,
				2BA2205D2CBD1CD9007D97B9 /* Poppins-SemiBold.ttf */,
			);
			path = Fonts;
			sourceTree = "<group>";
		};
		2BA2204E2CBD0610007D97B9 /* Common */ = {
			isa = PBXGroup;
			children = (
			);
			path = Common;
			sourceTree = "<group>";
		};
		2BA2204F2CBD0619007D97B9 /* UICommon */ = {
			isa = PBXGroup;
			children = (
				2BA220642CBD2618007D97B9 /* UIExtensions.swift */,
			);
			path = UICommon;
			sourceTree = "<group>";
		};
		2BA220502CBD0633007D97B9 /* ViewModel */ = {
			isa = PBXGroup;
			children = (
			);
			path = ViewModel;
			sourceTree = "<group>";
		};
		2BA220512CBD0641007D97B9 /* Model */ = {
			isa = PBXGroup;
			children = (
			);
			path = Model;
			sourceTree = "<group>";
		};
		2BA220522CBD0667007D97B9 /* Screen */ = {
			isa = PBXGroup;
			children = (
				2BA220542CBD0676007D97B9 /* Home */,
				2BA220532CBD0670007D97B9 /* Login */,
			);
			path = Screen;
			sourceTree = "<group>";
		};
		2BA220532CBD0670007D97B9 /* Login */ = {
			isa = PBXGroup;
			children = (
				2BA220552CBD06C8007D97B9 /* OnBoardingScreen.swift */,
				2BA302122CBF800100475F03 /* SignUpScreen.swift */,
				2BA302142CBF88DB00475F03 /* MobileNumberScreen.swift */,
				2BED6D462CBF93E6005A589D /* OTPScreen.swift */,
				2BED6D482CBF9D9D005A589D /* NameScreen.swift */,
				2BED6D4A2CBFA100005A589D /* GoalScreen.swift */,
			);
			path = Login;
			sourceTree = "<group>";
		};
		2BA220542CBD0676007D97B9 /* Home */ = {
			isa = PBXGroup;
			children = (
				2B60AB662CC0CFBC00970FE4 /* Setting */,
			);
			path = Home;
			sourceTree = "<group>";
		};
/* End PBXGroup section */

/* Begin PBXNativeTarget section */
		2BA2203B2CBCFEF8007D97B9 /* Gym Workout */ = {
			isa = PBXNativeTarget;
			buildConfigurationList = 2BA2204A2CBCFF00007D97B9 /* Build configuration list for PBXNativeTarget "Gym Workout" */;
			buildPhases = (
				2BA220382CBCFEF8007D97B9 /* Sources */,
				2BA220392CBCFEF8007D97B9 /* Frameworks */,
				2BA2203A2CBCFEF8007D97B9 /* Resources */,
			);
			buildRules = (
			);
			dependencies = (
			);
			name = "Gym Workout";
			productName = "Gym Workout";
			productReference = 2BA2203C2CBCFEF8007D97B9 /* Gym Workout.app */;
			productType = "com.apple.product-type.application";
		};
/* End PBXNativeTarget section */

/* Begin PBXProject section */
		2BA220342CBCFEF8007D97B9 /* Project object */ = {
			isa = PBXProject;
			attributes = {
				BuildIndependentTargetsInParallel = 1;
				LastSwiftUpdateCheck = 1420;
				LastUpgradeCheck = 1420;
				TargetAttributes = {
					2BA2203B2CBCFEF8007D97B9 = {
						CreatedOnToolsVersion = 14.2;
					};
				};
			};
			buildConfigurationList = 2BA220372CBCFEF8007D97B9 /* Build configuration list for PBXProject "Gym Workout" */;
			compatibilityVersion = "Xcode 14.0";
			developmentRegion = en;
			hasScannedForEncodings = 0;
			knownRegions = (
				en,
				Base,
			);
			mainGroup = 2BA220332CBCFEF8007D97B9;
			productRefGroup = 2BA2203D2CBCFEF8007D97B9 /* Products */;
			projectDirPath = "";
			projectRoot = "";
			targets = (
				2BA2203B2CBCFEF8007D97B9 /* Gym Workout */,
			);
		};
/* End PBXProject section */

/* Begin PBXResourcesBuildPhase section */
		2BA2203A2CBCFEF8007D97B9 /* Resources */ = {
			isa = PBXResourcesBuildPhase;
			buildActionMask = 2147483647;
			files = (
				2BA220582CBD077E007D97B9 /* Launch Screen.storyboard in Resources */,
				2BA220612CBD1CD9007D97B9 /* Poppins-Medium.ttf in Resources */,
				2BA220602CBD1CD9007D97B9 /* Poppins-Bold.ttf in Resources */,
				2BA220472CBCFF00007D97B9 /* Preview Assets.xcassets in Resources */,
				2BA220442CBCFF00007D97B9 /* Assets.xcassets in Resources */,
				2BA220622CBD1CD9007D97B9 /* Poppins-SemiBold.ttf in Resources */,
				2BA2205E2CBD1CD9007D97B9 /* Poppins-Light.ttf in Resources */,
				2BA2205F2CBD1CD9007D97B9 /* Poppins-Regular.ttf in Resources */,
			);
			runOnlyForDeploymentPostprocessing = 0;
		};
/* End PBXResourcesBuildPhase section */

/* Begin PBXSourcesBuildPhase section */
		2BA220382CBCFEF8007D97B9 /* Sources */ = {
			isa = PBXSourcesBuildPhase;
			buildActionMask = 2147483647;
			files = (
				2B60AB6A2CC0D89A00970FE4 /* SettingScreen.swift in Sources */,
				2BED6D492CBF9D9D005A589D /* NameScreen.swift in Sources */,
				2BA220652CBD2618007D97B9 /* UIExtensions.swift in Sources */,
				2BA220562CBD06C8007D97B9 /* OnBoardingScreen.swift in Sources */,
				2B60AB6C2CC0D8B000970FE4 /* SettingRow.swift in Sources */,
				2BA302152CBF88DB00475F03 /* MobileNumberScreen.swift in Sources */,
				2B60AB6E2CC0D8C100970FE4 /* ProfileScreen.swift in Sources */,
				2BA220402CBCFEF8007D97B9 /* Gym_WorkoutApp.swift in Sources */,
				2BA302132CBF800100475F03 /* SignUpScreen.swift in Sources */,
				2BED6D4B2CBFA100005A589D /* GoalScreen.swift in Sources */,
				2BED6D472CBF93E6005A589D /* OTPScreen.swift in Sources */,
			);
			runOnlyForDeploymentPostprocessing = 0;
		};
/* End PBXSourcesBuildPhase section */

/* Begin XCBuildConfiguration section */
		2BA220482CBCFF00007D97B9 /* Debug */ = {
			isa = XCBuildConfiguration;
			buildSettings = {
				ALWAYS_SEARCH_USER_PATHS = NO;
				CLANG_ANALYZER_NONNULL = YES;
				CLANG_ANALYZER_NUMBER_OBJECT_CONVERSION = YES_AGGRESSIVE;
				CLANG_CXX_LANGUAGE_STANDARD = "gnu++20";
				CLANG_ENABLE_MODULES = YES;
				CLANG_ENABLE_OBJC_ARC = YES;
				CLANG_ENABLE_OBJC_WEAK = YES;
				CLANG_WARN_BLOCK_CAPTURE_AUTORELEASING = YES;
				CLANG_WARN_BOOL_CONVERSION = YES;
				CLANG_WARN_COMMA = YES;
				CLANG_WARN_CONSTANT_CONVERSION = YES;
				CLANG_WARN_DEPRECATED_OBJC_IMPLEMENTATIONS = YES;
				CLANG_WARN_DIRECT_OBJC_ISA_USAGE = YES_ERROR;
				CLANG_WARN_DOCUMENTATION_COMMENTS = YES;
				CLANG_WARN_EMPTY_BODY = YES;
				CLANG_WARN_ENUM_CONVERSION = YES;
				CLANG_WARN_INFINITE_RECURSION = YES;
				CLANG_WARN_INT_CONVERSION = YES;
				CLANG_WARN_NON_LITERAL_NULL_CONVERSION = YES;
				CLANG_WARN_OBJC_IMPLICIT_RETAIN_SELF = YES;
				CLANG_WARN_OBJC_LITERAL_CONVERSION = YES;
				CLANG_WARN_OBJC_ROOT_CLASS = YES_ERROR;
				CLANG_WARN_QUOTED_INCLUDE_IN_FRAMEWORK_HEADER = YES;
				CLANG_WARN_RANGE_LOOP_ANALYSIS = YES;
				CLANG_WARN_STRICT_PROTOTYPES = YES;
				CLANG_WARN_SUSPICIOUS_MOVE = YES;
				CLANG_WARN_UNGUARDED_AVAILABILITY = YES_AGGRESSIVE;
				CLANG_WARN_UNREACHABLE_CODE = YES;
				CLANG_WARN__DUPLICATE_METHOD_MATCH = YES;
				COPY_PHASE_STRIP = NO;
				DEBUG_INFORMATION_FORMAT = dwarf;
				ENABLE_STRICT_OBJC_MSGSEND = YES;
				ENABLE_TESTABILITY = YES;
				GCC_C_LANGUAGE_STANDARD = gnu11;
				GCC_DYNAMIC_NO_PIC = NO;
				GCC_NO_COMMON_BLOCKS = YES;
				GCC_OPTIMIZATION_LEVEL = 0;
				GCC_PREPROCESSOR_DEFINITIONS = (
					"DEBUG=1",
					"$(inherited)",
				);
				GCC_WARN_64_TO_32_BIT_CONVERSION = YES;
				GCC_WARN_ABOUT_RETURN_TYPE = YES_ERROR;
				GCC_WARN_UNDECLARED_SELECTOR = YES;
				GCC_WARN_UNINITIALIZED_AUTOS = YES_AGGRESSIVE;
				GCC_WARN_UNUSED_FUNCTION = YES;
				GCC_WARN_UNUSED_VARIABLE = YES;
				IPHONEOS_DEPLOYMENT_TARGET = 16.2;
				MTL_ENABLE_DEBUG_INFO = INCLUDE_SOURCE;
				MTL_FAST_MATH = YES;
				ONLY_ACTIVE_ARCH = YES;
				SDKROOT = iphoneos;
				SWIFT_ACTIVE_COMPILATION_CONDITIONS = DEBUG;
				SWIFT_OPTIMIZATION_LEVEL = "-Onone";
			};
			name = Debug;
		};
		2BA220492CBCFF00007D97B9 /* Release */ = {
			isa = XCBuildConfiguration;
			buildSettings = {
				ALWAYS_SEARCH_USER_PATHS = NO;
				CLANG_ANALYZER_NONNULL = YES;
				CLANG_ANALYZER_NUMBER_OBJECT_CONVERSION = YES_AGGRESSIVE;
				CLANG_CXX_LANGUAGE_STANDARD = "gnu++20";
				CLANG_ENABLE_MODULES = YES;
				CLANG_ENABLE_OBJC_ARC = YES;
				CLANG_ENABLE_OBJC_WEAK = YES;
				CLANG_WARN_BLOCK_CAPTURE_AUTORELEASING = YES;
				CLANG_WARN_BOOL_CONVERSION = YES;
				CLANG_WARN_COMMA = YES;
				CLANG_WARN_CONSTANT_CONVERSION = YES;
				CLANG_WARN_DEPRECATED_OBJC_IMPLEMENTATIONS = YES;
				CLANG_WARN_DIRECT_OBJC_ISA_USAGE = YES_ERROR;
				CLANG_WARN_DOCUMENTATION_COMMENTS = YES;
				CLANG_WARN_EMPTY_BODY = YES;
				CLANG_WARN_ENUM_CONVERSION = YES;
				CLANG_WARN_INFINITE_RECURSION = YES;
				CLANG_WARN_INT_CONVERSION = YES;
				CLANG_WARN_NON_LITERAL_NULL_CONVERSION = YES;
				CLANG_WARN_OBJC_IMPLICIT_RETAIN_SELF = YES;
				CLANG_WARN_OBJC_LITERAL_CONVERSION = YES;
				CLANG_WARN_OBJC_ROOT_CLASS = YES_ERROR;
				CLANG_WARN_QUOTED_INCLUDE_IN_FRAMEWORK_HEADER = YES;
				CLANG_WARN_RANGE_LOOP_ANALYSIS = YES;
				CLANG_WARN_STRICT_PROTOTYPES = YES;
				CLANG_WARN_SUSPICIOUS_MOVE = YES;
				CLANG_WARN_UNGUARDED_AVAILABILITY = YES_AGGRESSIVE;
				CLANG_WARN_UNREACHABLE_CODE = YES;
				CLANG_WARN__DUPLICATE_METHOD_MATCH = YES;
				COPY_PHASE_STRIP = NO;
				DEBUG_INFORMATION_FORMAT = "dwarf-with-dsym";
				ENABLE_NS_ASSERTIONS = NO;
				ENABLE_STRICT_OBJC_MSGSEND = YES;
				GCC_C_LANGUAGE_STANDARD = gnu11;
				GCC_NO_COMMON_BLOCKS = YES;
				GCC_WARN_64_TO_32_BIT_CONVERSION = YES;
				GCC_WARN_ABOUT_RETURN_TYPE = YES_ERROR;
				GCC_WARN_UNDECLARED_SELECTOR = YES;
				GCC_WARN_UNINITIALIZED_AUTOS = YES_AGGRESSIVE;
				GCC_WARN_UNUSED_FUNCTION = YES;
				GCC_WARN_UNUSED_VARIABLE = YES;
				IPHONEOS_DEPLOYMENT_TARGET = 16.2;
				MTL_ENABLE_DEBUG_INFO = NO;
				MTL_FAST_MATH = YES;
				SDKROOT = iphoneos;
				SWIFT_COMPILATION_MODE = wholemodule;
				SWIFT_OPTIMIZATION_LEVEL = "-O";
				VALIDATE_PRODUCT = YES;
			};
			name = Release;
		};
		2BA2204B2CBCFF00007D97B9 /* Debug */ = {
			isa = XCBuildConfiguration;
			buildSettings = {
				ASSETCATALOG_COMPILER_APPICON_NAME = AppIcon;
				ASSETCATALOG_COMPILER_GLOBAL_ACCENT_COLOR_NAME = AccentColor;
				CODE_SIGN_STYLE = Automatic;
				CURRENT_PROJECT_VERSION = 1;
				DEVELOPMENT_ASSET_PATHS = "\"Gym Workout/Preview Content\"";
				DEVELOPMENT_TEAM = 5GLDB8325L;
				ENABLE_PREVIEWS = YES;
				GENERATE_INFOPLIST_FILE = YES;
				INFOPLIST_FILE = "Gym-Workout-Info.plist";
				INFOPLIST_KEY_UIApplicationSceneManifest_Generation = YES;
				INFOPLIST_KEY_UIApplicationSupportsIndirectInputEvents = YES;
				INFOPLIST_KEY_UILaunchScreen_Generation = YES;
				INFOPLIST_KEY_UILaunchStoryboardName = "Launch Screen.storyboard";
				INFOPLIST_KEY_UISupportedInterfaceOrientations = UIInterfaceOrientationPortrait;
				IPHONEOS_DEPLOYMENT_TARGET = 15.0;
				LD_RUNPATH_SEARCH_PATHS = (
					"$(inherited)",
					"@executable_path/Frameworks",
				);
				MARKETING_VERSION = 1.0;
				PRODUCT_BUNDLE_IDENTIFIER = "com.bridgelabz.Gym-Workout";
				PRODUCT_NAME = "$(TARGET_NAME)";
				SWIFT_EMIT_LOC_STRINGS = YES;
				SWIFT_VERSION = 5.0;
				TARGETED_DEVICE_FAMILY = "1,2";
			};
			name = Debug;
		};
		2BA2204C2CBCFF00007D97B9 /* Release */ = {
			isa = XCBuildConfiguration;
			buildSettings = {
				ASSETCATALOG_COMPILER_APPICON_NAME = AppIcon;
				ASSETCATALOG_COMPILER_GLOBAL_ACCENT_COLOR_NAME = AccentColor;
				CODE_SIGN_STYLE = Automatic;
				CURRENT_PROJECT_VERSION = 1;
				DEVELOPMENT_ASSET_PATHS = "\"Gym Workout/Preview Content\"";
				DEVELOPMENT_TEAM = 5GLDB8325L;
				ENABLE_PREVIEWS = YES;
				GENERATE_INFOPLIST_FILE = YES;
				INFOPLIST_FILE = "Gym-Workout-Info.plist";
				INFOPLIST_KEY_UIApplicationSceneManifest_Generation = YES;
				INFOPLIST_KEY_UIApplicationSupportsIndirectInputEvents = YES;
				INFOPLIST_KEY_UILaunchScreen_Generation = YES;
				INFOPLIST_KEY_UILaunchStoryboardName = "Launch Screen.storyboard";
				INFOPLIST_KEY_UISupportedInterfaceOrientations = UIInterfaceOrientationPortrait;
				IPHONEOS_DEPLOYMENT_TARGET = 15.0;
				LD_RUNPATH_SEARCH_PATHS = (
					"$(inherited)",
					"@executable_path/Frameworks",
				);
				MARKETING_VERSION = 1.0;
				PRODUCT_BUNDLE_IDENTIFIER = "com.bridgelabz.Gym-Workout";
				PRODUCT_NAME = "$(TARGET_NAME)";
				SWIFT_EMIT_LOC_STRINGS = YES;
				SWIFT_VERSION = 5.0;
				TARGETED_DEVICE_FAMILY = "1,2";
			};
			name = Release;
		};
/* End XCBuildConfiguration section */

/* Begin XCConfigurationList section */
		2BA220372CBCFEF8007D97B9 /* Build configuration list for PBXProject "Gym Workout" */ = {
			isa = XCConfigurationList;
			buildConfigurations = (
				2BA220482CBCFF00007D97B9 /* Debug */,
				2BA220492CBCFF00007D97B9 /* Release */,
			);
			defaultConfigurationIsVisible = 0;
			defaultConfigurationName = Release;
		};
		2BA2204A2CBCFF00007D97B9 /* Build configuration list for PBXNativeTarget "Gym Workout" */ = {
			isa = XCConfigurationList;
			buildConfigurations = (
				2BA2204B2CBCFF00007D97B9 /* Debug */,
				2BA2204C2CBCFF00007D97B9 /* Release */,
			);
			defaultConfigurationIsVisible = 0;
			defaultConfigurationName = Release;
		};
/* End XCConfigurationList section */
	};
	rootObject = 2BA220342CBCFEF8007D97B9 /* Project object */;
}
